<?xml version="1.0" encoding="utf-8"?>
<Project ToolsVersion="4.0" xmlns="http://schemas.microsoft.com/developer/msbuild/2003">
  <ItemGroup>
    <Filter Include="main">
      <UniqueIdentifier>{156cba78-5f5e-441a-986d-4e5b63ce8a1c}</UniqueIdentifier>
    </Filter>
    <Filter Include="string">
      <UniqueIdentifier>{f8948a51-2f81-44cb-89ab-de4f990a8a96}</UniqueIdentifier>
    </Filter>
  </ItemGroup>
  <ItemGroup>
    <ClCompile Include="main.cpp">
      <Filter>main</Filter>
    </ClCompile>
    <ClCompile Include="string.cpp">
      <Filter>string</Filter>
    </ClCompile>
  </ItemGroup>
  <ItemGroup>
    <ClInclude Include="string.h">
      <Filter>string</Filter>
    </ClInclude>
  </ItemGroup>
</Project>